
Microsoft Visual Studio Solution File, Format Version 12.00
Project("{FAE04EC0-301F-11D3-BF4B-00C04F79EFBC}") = "ArtistApi", "ArtistApi\ArtistApi.csproj", "{146AF539-43B2-48A9-A932-0F95C18CA746}"
EndProject
Project("{FAE04EC0-301F-11D3-BF4B-00C04F79EFBC}") = "ArtistApi.Test", "ArtistApi.Test\ArtistApi.Test.csproj", "{ECDAC73E-B8A9-4EA8-A1AD-A4E3863B6B28}"
EndProject
Global
	GlobalSection(SolutionConfigurationPlatforms) = preSolution
		Debug|Any CPU = Debug|Any CPU
		Release|Any CPU = Release|Any CPU
	EndGlobalSection
	GlobalSection(ProjectConfigurationPlatforms) = postSolution
		{146AF539-43B2-48A9-A932-0F95C18CA746}.Debug|Any CPU.ActiveCfg = Debug|Any CPU
		{146AF539-43B2-48A9-A932-0F95C18CA746}.Debug|Any CPU.Build.0 = Debug|Any CPU
		{146AF539-43B2-48A9-A932-0F95C18CA746}.Release|Any CPU.ActiveCfg = Release|Any CPU
		{146AF539-43B2-48A9-A932-0F95C18CA746}.Release|Any CPU.Build.0 = Release|Any CPU
		{ECDAC73E-B8A9-4EA8-A1AD-A4E3863B6B28}.Debug|Any CPU.ActiveCfg = Debug|Any CPU
		{ECDAC73E-B8A9-4EA8-A1AD-A4E3863B6B28}.Debug|Any CPU.Build.0 = Debug|Any CPU
		{ECDAC73E-B8A9-4EA8-A1AD-A4E3863B6B28}.Release|Any CPU.ActiveCfg = Release|Any CPU
		{ECDAC73E-B8A9-4EA8-A1AD-A4E3863B6B28}.Release|Any CPU.Build.0 = Release|Any CPU
	EndGlobalSection
EndGlobal
